
Microsoft Visual Studio Solution File, Format Version 12.00
# Visual Studio Version 17
VisualStudioVersion = 17.7.34031.279
MinimumVisualStudioVersion = 10.0.40219.1
Project("{2150E333-8FDC-42A3-9474-1A3956D46DE8}") = "Api", "Api", "{38A427D0-C5DD-41EA-977F-735926A2E1C9}"
EndProject
Project("{2150E333-8FDC-42A3-9474-1A3956D46DE8}") = "Services", "Services", "{BA73F020-A756-4B3C-BD81-501C100910BA}"
EndProject
Project("{2150E333-8FDC-42A3-9474-1A3956D46DE8}") = "Datastores", "Datastores", "{3F72DC4E-2B02-469C-A1A4-202D170C26EC}"
EndProject
Project("{2150E333-8FDC-42A3-9474-1A3956D46DE8}") = "Core", "Core", "{2D03C337-5257-40F3-9BA5-CF7F57810CD5}"
EndProject
Project("{9A19103F-16F7-4668-BE54-9A1E7A4F7556}") = "AppVerse.Common", "Core\AppVerse.Common\AppVerse.Common.csproj", "{5AD5BE20-106C-40DB-858F-BD2F42B882E5}"
EndProject
Project("{FAE04EC0-301F-11D3-BF4B-00C04F79EFBC}") = "AppVerse.Database.MsSql", "Datastore\AppVerse.Database.MsSql\AppVerse.Database.MsSql.csproj", "{33C5499F-7D50-4C62-8AB4-2D50325B2156}"
EndProject
Project("{2150E333-8FDC-42A3-9474-1A3956D46DE8}") = "Domain", "Domain", "{77612D9B-D3F9-415E-8030-95083DD6EF2D}"
EndProject
Global
	GlobalSection(SolutionConfigurationPlatforms) = preSolution
		Debug|Any CPU = Debug|Any CPU
		Release|Any CPU = Release|Any CPU
	EndGlobalSection
	GlobalSection(ProjectConfigurationPlatforms) = postSolution
		{5AD5BE20-106C-40DB-858F-BD2F42B882E5}.Debug|Any CPU.ActiveCfg = Debug|Any CPU
		{5AD5BE20-106C-40DB-858F-BD2F42B882E5}.Debug|Any CPU.Build.0 = Debug|Any CPU
		{5AD5BE20-106C-40DB-858F-BD2F42B882E5}.Release|Any CPU.ActiveCfg = Release|Any CPU
		{5AD5BE20-106C-40DB-858F-BD2F42B882E5}.Release|Any CPU.Build.0 = Release|Any CPU
		{33C5499F-7D50-4C62-8AB4-2D50325B2156}.Debug|Any CPU.ActiveCfg = Debug|Any CPU
		{33C5499F-7D50-4C62-8AB4-2D50325B2156}.Debug|Any CPU.Build.0 = Debug|Any CPU
		{33C5499F-7D50-4C62-8AB4-2D50325B2156}.Release|Any CPU.ActiveCfg = Release|Any CPU
		{33C5499F-7D50-4C62-8AB4-2D50325B2156}.Release|Any CPU.Build.0 = Release|Any CPU
	EndGlobalSection
	GlobalSection(SolutionProperties) = preSolution
		HideSolutionNode = FALSE
	EndGlobalSection
	GlobalSection(NestedProjects) = preSolution
		{5AD5BE20-106C-40DB-858F-BD2F42B882E5} = {2D03C337-5257-40F3-9BA5-CF7F57810CD5}
		{33C5499F-7D50-4C62-8AB4-2D50325B2156} = {3F72DC4E-2B02-469C-A1A4-202D170C26EC}
	EndGlobalSection
	GlobalSection(ExtensibilityGlobals) = postSolution
		SolutionGuid = {B9E7DE8B-913A-4751-B047-8DF331CEC98B}
	EndGlobalSection
EndGlobal
