
Microsoft Visual Studio Solution File, Format Version 12.00
# Visual Studio 14
VisualStudioVersion = 14.0.23107.0
MinimumVisualStudioVersion = 10.0.40219.1
Project("{2150E333-8FDC-42A3-9474-1A3956D46DE8}") = "Common", "Common", "{BA797E09-6C25-4F94-9A62-7EB1F64668DE}"
EndProject
Project("{2150E333-8FDC-42A3-9474-1A3956D46DE8}") = "Modules", "Modules", "{FF91AF5A-57FC-4390-BA5E-6D4F8D11BFE9}"
EndProject
Project("{2150E333-8FDC-42A3-9474-1A3956D46DE8}") = "Models", "Models", "{7A73054B-B457-4C28-84EC-8031ACBE7DCA}"
EndProject
Project("{2150E333-8FDC-42A3-9474-1A3956D46DE8}") = "Tests", "Tests", "{8E06AD5D-A90B-4D2B-BA4A-A047D9545978}"
EndProject
Project("{FAE04EC0-301F-11D3-BF4B-00C04F79EFBC}") = "AppVerse.Desktop.AppCommon", "Common\AppVerse.Desktop.AppCommon\AppVerse.Desktop.AppCommon.csproj", "{F8ADAC8C-4647-4191-B0E0-AFAA8A2B2ACB}"
EndProject
Project("{FAE04EC0-301F-11D3-BF4B-00C04F79EFBC}") = "Appverse.Desktop.Common", "Common\Appverse.Desktop.Common\Appverse.Desktop.Common.csproj", "{44AF6146-0F43-4419-88E7-6F211A418B1B}"
EndProject
Project("{FAE04EC0-301F-11D3-BF4B-00C04F79EFBC}") = "AppVerse.Desktop.Services", "Common\AppVerse.Desktop.Services\AppVerse.Desktop.Services.csproj", "{23E018C2-7EB8-4A2B-A5EE-1915A0882849}"
	ProjectSection(ProjectDependencies) = postProject
		{44AF6146-0F43-4419-88E7-6F211A418B1B} = {44AF6146-0F43-4419-88E7-6F211A418B1B}
		{F8ADAC8C-4647-4191-B0E0-AFAA8A2B2ACB} = {F8ADAC8C-4647-4191-B0E0-AFAA8A2B2ACB}
		{83D7A1A8-10F8-4CA4-8B7B-F1DD46665DE0} = {83D7A1A8-10F8-4CA4-8B7B-F1DD46665DE0}
	EndProjectSection
EndProject
Project("{FAE04EC0-301F-11D3-BF4B-00C04F79EFBC}") = "Appverse.Desktop.VisualControls", "Common\Appverse.Desktop.VisualControls\Appverse.Desktop.VisualControls.csproj", "{83D7A1A8-10F8-4CA4-8B7B-F1DD46665DE0}"
	ProjectSection(ProjectDependencies) = postProject
		{44AF6146-0F43-4419-88E7-6F211A418B1B} = {44AF6146-0F43-4419-88E7-6F211A418B1B}
		{F8ADAC8C-4647-4191-B0E0-AFAA8A2B2ACB} = {F8ADAC8C-4647-4191-B0E0-AFAA8A2B2ACB}
	EndProjectSection
EndProject
Project("{FAE04EC0-301F-11D3-BF4B-00C04F79EFBC}") = "AppVerse.Desktop.Models", "Models\AppVerse.Desktop.Models\AppVerse.Desktop.Models.csproj", "{60A4F650-7806-4886-AAAD-C152B17ED44C}"
	ProjectSection(ProjectDependencies) = postProject
		{44AF6146-0F43-4419-88E7-6F211A418B1B} = {44AF6146-0F43-4419-88E7-6F211A418B1B}
		{F8ADAC8C-4647-4191-B0E0-AFAA8A2B2ACB} = {F8ADAC8C-4647-4191-B0E0-AFAA8A2B2ACB}
		{83D7A1A8-10F8-4CA4-8B7B-F1DD46665DE0} = {83D7A1A8-10F8-4CA4-8B7B-F1DD46665DE0}
	EndProjectSection
EndProject
Project("{FAE04EC0-301F-11D3-BF4B-00C04F79EFBC}") = "AppVerse.Desktop.ApplicationConfguration", "Modules\AppVerse.Desktop.ApplicationConfguration\AppVerse.Desktop.ApplicationConfguration.csproj", "{FF4A6B8B-62B7-4938-94F5-D7A09DEEA640}"
	ProjectSection(ProjectDependencies) = postProject
		{44AF6146-0F43-4419-88E7-6F211A418B1B} = {44AF6146-0F43-4419-88E7-6F211A418B1B}
		{60A4F650-7806-4886-AAAD-C152B17ED44C} = {60A4F650-7806-4886-AAAD-C152B17ED44C}
		{F8ADAC8C-4647-4191-B0E0-AFAA8A2B2ACB} = {F8ADAC8C-4647-4191-B0E0-AFAA8A2B2ACB}
		{83D7A1A8-10F8-4CA4-8B7B-F1DD46665DE0} = {83D7A1A8-10F8-4CA4-8B7B-F1DD46665DE0}
		{23E018C2-7EB8-4A2B-A5EE-1915A0882849} = {23E018C2-7EB8-4A2B-A5EE-1915A0882849}
	EndProjectSection
EndProject
Project("{FAE04EC0-301F-11D3-BF4B-00C04F79EFBC}") = "AppVerse.Desktop.GameOfLife", "Modules\AppVerse.Desktop.GameOfLife\AppVerse.Desktop.GameOfLife.csproj", "{B82BA5DA-2675-4093-875A-BA81FC1670BA}"
	ProjectSection(ProjectDependencies) = postProject
		{44AF6146-0F43-4419-88E7-6F211A418B1B} = {44AF6146-0F43-4419-88E7-6F211A418B1B}
		{60A4F650-7806-4886-AAAD-C152B17ED44C} = {60A4F650-7806-4886-AAAD-C152B17ED44C}
		{F8ADAC8C-4647-4191-B0E0-AFAA8A2B2ACB} = {F8ADAC8C-4647-4191-B0E0-AFAA8A2B2ACB}
		{83D7A1A8-10F8-4CA4-8B7B-F1DD46665DE0} = {83D7A1A8-10F8-4CA4-8B7B-F1DD46665DE0}
		{23E018C2-7EB8-4A2B-A5EE-1915A0882849} = {23E018C2-7EB8-4A2B-A5EE-1915A0882849}
	EndProjectSection
EndProject
Project("{FAE04EC0-301F-11D3-BF4B-00C04F79EFBC}") = "AppVerse.Desktop.GameOfLifeTest", "Tests\AppVerse.Desktop.GameOfLifeTest\AppVerse.Desktop.GameOfLifeTest.csproj", "{B434473E-5486-41AC-9994-2ACD7B0CA340}"
EndProject
Project("{FAE04EC0-301F-11D3-BF4B-00C04F79EFBC}") = "ApplicationShell", "ApplicationShell\ApplicationShell.csproj", "{6F912667-0B88-440F-A393-A18E70144C63}"
	ProjectSection(ProjectDependencies) = postProject
		{B434473E-5486-41AC-9994-2ACD7B0CA340} = {B434473E-5486-41AC-9994-2ACD7B0CA340}
		{44AF6146-0F43-4419-88E7-6F211A418B1B} = {44AF6146-0F43-4419-88E7-6F211A418B1B}
		{60A4F650-7806-4886-AAAD-C152B17ED44C} = {60A4F650-7806-4886-AAAD-C152B17ED44C}
		{FF4A6B8B-62B7-4938-94F5-D7A09DEEA640} = {FF4A6B8B-62B7-4938-94F5-D7A09DEEA640}
		{F8ADAC8C-4647-4191-B0E0-AFAA8A2B2ACB} = {F8ADAC8C-4647-4191-B0E0-AFAA8A2B2ACB}
		{83D7A1A8-10F8-4CA4-8B7B-F1DD46665DE0} = {83D7A1A8-10F8-4CA4-8B7B-F1DD46665DE0}
		{23E018C2-7EB8-4A2B-A5EE-1915A0882849} = {23E018C2-7EB8-4A2B-A5EE-1915A0882849}
		{B82BA5DA-2675-4093-875A-BA81FC1670BA} = {B82BA5DA-2675-4093-875A-BA81FC1670BA}
		{F82470F4-153F-4767-B2C8-C4D4462AE12A} = {F82470F4-153F-4767-B2C8-C4D4462AE12A}
	EndProjectSection
EndProject
Project("{FAE04EC0-301F-11D3-BF4B-00C04F79EFBC}") = "AppVerse.Desktop.StatusBar", "Modules\AppVerse.Desktop.StatusBar\AppVerse.Desktop.StatusBar.csproj", "{F82470F4-153F-4767-B2C8-C4D4462AE12A}"
	ProjectSection(ProjectDependencies) = postProject
		{44AF6146-0F43-4419-88E7-6F211A418B1B} = {44AF6146-0F43-4419-88E7-6F211A418B1B}
		{60A4F650-7806-4886-AAAD-C152B17ED44C} = {60A4F650-7806-4886-AAAD-C152B17ED44C}
		{F8ADAC8C-4647-4191-B0E0-AFAA8A2B2ACB} = {F8ADAC8C-4647-4191-B0E0-AFAA8A2B2ACB}
		{83D7A1A8-10F8-4CA4-8B7B-F1DD46665DE0} = {83D7A1A8-10F8-4CA4-8B7B-F1DD46665DE0}
	EndProjectSection
EndProject
Project("{FAE04EC0-301F-11D3-BF4B-00C04F79EFBC}") = "AppVerse.Desktop.Services.Interfaces", "Common\AppVerse.Desktop.Services.Interfaces\AppVerse.Desktop.Services.Interfaces.csproj", "{B14986FE-E2D1-442C-BF88-E7553C17EB43}"
EndProject
Project("{FAE04EC0-301F-11D3-BF4B-00C04F79EFBC}") = "AppVerse.Desktop.NavigationModule", "Modules\AppVerse.Desktop.NavigationModule\AppVerse.Desktop.NavigationModule.csproj", "{0544ABD5-E586-44D1-A7DA-6A224BD466C8}"
EndProject
Project("{FAE04EC0-301F-11D3-BF4B-00C04F79EFBC}") = "AppVerse.Desktop.ModelsTest", "Tests\AppVerse.Desktop.ModelsTest\AppVerse.Desktop.ModelsTest.csproj", "{254480F7-BA66-4DA6-A6A9-B9125BDF5BF5}"
EndProject
Project("{FAE04EC0-301F-11D3-BF4B-00C04F79EFBC}") = "AppVerse.Desktop.ServicesTest", "Tests\AppVerse.Desktop.ServicesTest\AppVerse.Desktop.ServicesTest\AppVerse.Desktop.ServicesTest.csproj", "{CCDD9BCB-38B7-4852-8C89-57C2C7F96CD7}"
EndProject
Global
	GlobalSection(SolutionConfigurationPlatforms) = preSolution
		Debug|Any CPU = Debug|Any CPU
		Debug|ARM = Debug|ARM
		Debug|x64 = Debug|x64
		Debug|x86 = Debug|x86
		Release|Any CPU = Release|Any CPU
		Release|ARM = Release|ARM
		Release|x64 = Release|x64
		Release|x86 = Release|x86
	EndGlobalSection
	GlobalSection(ProjectConfigurationPlatforms) = postSolution
		{F8ADAC8C-4647-4191-B0E0-AFAA8A2B2ACB}.Debug|Any CPU.ActiveCfg = Debug|Any CPU
		{F8ADAC8C-4647-4191-B0E0-AFAA8A2B2ACB}.Debug|Any CPU.Build.0 = Debug|Any CPU
		{F8ADAC8C-4647-4191-B0E0-AFAA8A2B2ACB}.Debug|ARM.ActiveCfg = Debug|Any CPU
		{F8ADAC8C-4647-4191-B0E0-AFAA8A2B2ACB}.Debug|ARM.Build.0 = Debug|Any CPU
		{F8ADAC8C-4647-4191-B0E0-AFAA8A2B2ACB}.Debug|x64.ActiveCfg = Debug|Any CPU
		{F8ADAC8C-4647-4191-B0E0-AFAA8A2B2ACB}.Debug|x64.Build.0 = Debug|Any CPU
		{F8ADAC8C-4647-4191-B0E0-AFAA8A2B2ACB}.Debug|x86.ActiveCfg = Debug|Any CPU
		{F8ADAC8C-4647-4191-B0E0-AFAA8A2B2ACB}.Debug|x86.Build.0 = Debug|Any CPU
		{F8ADAC8C-4647-4191-B0E0-AFAA8A2B2ACB}.Release|Any CPU.ActiveCfg = Release|Any CPU
		{F8ADAC8C-4647-4191-B0E0-AFAA8A2B2ACB}.Release|Any CPU.Build.0 = Release|Any CPU
		{F8ADAC8C-4647-4191-B0E0-AFAA8A2B2ACB}.Release|ARM.ActiveCfg = Release|Any CPU
		{F8ADAC8C-4647-4191-B0E0-AFAA8A2B2ACB}.Release|ARM.Build.0 = Release|Any CPU
		{F8ADAC8C-4647-4191-B0E0-AFAA8A2B2ACB}.Release|x64.ActiveCfg = Release|Any CPU
		{F8ADAC8C-4647-4191-B0E0-AFAA8A2B2ACB}.Release|x64.Build.0 = Release|Any CPU
		{F8ADAC8C-4647-4191-B0E0-AFAA8A2B2ACB}.Release|x86.ActiveCfg = Release|Any CPU
		{F8ADAC8C-4647-4191-B0E0-AFAA8A2B2ACB}.Release|x86.Build.0 = Release|Any CPU
		{44AF6146-0F43-4419-88E7-6F211A418B1B}.Debug|Any CPU.ActiveCfg = Debug|Any CPU
		{44AF6146-0F43-4419-88E7-6F211A418B1B}.Debug|Any CPU.Build.0 = Debug|Any CPU
		{44AF6146-0F43-4419-88E7-6F211A418B1B}.Debug|ARM.ActiveCfg = Debug|Any CPU
		{44AF6146-0F43-4419-88E7-6F211A418B1B}.Debug|ARM.Build.0 = Debug|Any CPU
		{44AF6146-0F43-4419-88E7-6F211A418B1B}.Debug|x64.ActiveCfg = Debug|Any CPU
		{44AF6146-0F43-4419-88E7-6F211A418B1B}.Debug|x64.Build.0 = Debug|Any CPU
		{44AF6146-0F43-4419-88E7-6F211A418B1B}.Debug|x86.ActiveCfg = Debug|Any CPU
		{44AF6146-0F43-4419-88E7-6F211A418B1B}.Debug|x86.Build.0 = Debug|Any CPU
		{44AF6146-0F43-4419-88E7-6F211A418B1B}.Release|Any CPU.ActiveCfg = Release|Any CPU
		{44AF6146-0F43-4419-88E7-6F211A418B1B}.Release|Any CPU.Build.0 = Release|Any CPU
		{44AF6146-0F43-4419-88E7-6F211A418B1B}.Release|ARM.ActiveCfg = Release|Any CPU
		{44AF6146-0F43-4419-88E7-6F211A418B1B}.Release|ARM.Build.0 = Release|Any CPU
		{44AF6146-0F43-4419-88E7-6F211A418B1B}.Release|x64.ActiveCfg = Release|Any CPU
		{44AF6146-0F43-4419-88E7-6F211A418B1B}.Release|x64.Build.0 = Release|Any CPU
		{44AF6146-0F43-4419-88E7-6F211A418B1B}.Release|x86.ActiveCfg = Release|Any CPU
		{44AF6146-0F43-4419-88E7-6F211A418B1B}.Release|x86.Build.0 = Release|Any CPU
		{23E018C2-7EB8-4A2B-A5EE-1915A0882849}.Debug|Any CPU.ActiveCfg = Debug|Any CPU
		{23E018C2-7EB8-4A2B-A5EE-1915A0882849}.Debug|Any CPU.Build.0 = Debug|Any CPU
		{23E018C2-7EB8-4A2B-A5EE-1915A0882849}.Debug|ARM.ActiveCfg = Debug|Any CPU
		{23E018C2-7EB8-4A2B-A5EE-1915A0882849}.Debug|ARM.Build.0 = Debug|Any CPU
		{23E018C2-7EB8-4A2B-A5EE-1915A0882849}.Debug|x64.ActiveCfg = Debug|Any CPU
		{23E018C2-7EB8-4A2B-A5EE-1915A0882849}.Debug|x64.Build.0 = Debug|Any CPU
		{23E018C2-7EB8-4A2B-A5EE-1915A0882849}.Debug|x86.ActiveCfg = Debug|Any CPU
		{23E018C2-7EB8-4A2B-A5EE-1915A0882849}.Debug|x86.Build.0 = Debug|Any CPU
		{23E018C2-7EB8-4A2B-A5EE-1915A0882849}.Release|Any CPU.ActiveCfg = Release|Any CPU
		{23E018C2-7EB8-4A2B-A5EE-1915A0882849}.Release|Any CPU.Build.0 = Release|Any CPU
		{23E018C2-7EB8-4A2B-A5EE-1915A0882849}.Release|ARM.ActiveCfg = Release|Any CPU
		{23E018C2-7EB8-4A2B-A5EE-1915A0882849}.Release|ARM.Build.0 = Release|Any CPU
		{23E018C2-7EB8-4A2B-A5EE-1915A0882849}.Release|x64.ActiveCfg = Release|Any CPU
		{23E018C2-7EB8-4A2B-A5EE-1915A0882849}.Release|x64.Build.0 = Release|Any CPU
		{23E018C2-7EB8-4A2B-A5EE-1915A0882849}.Release|x86.ActiveCfg = Release|Any CPU
		{23E018C2-7EB8-4A2B-A5EE-1915A0882849}.Release|x86.Build.0 = Release|Any CPU
		{83D7A1A8-10F8-4CA4-8B7B-F1DD46665DE0}.Debug|Any CPU.ActiveCfg = Debug|Any CPU
		{83D7A1A8-10F8-4CA4-8B7B-F1DD46665DE0}.Debug|Any CPU.Build.0 = Debug|Any CPU
		{83D7A1A8-10F8-4CA4-8B7B-F1DD46665DE0}.Debug|ARM.ActiveCfg = Debug|Any CPU
		{83D7A1A8-10F8-4CA4-8B7B-F1DD46665DE0}.Debug|ARM.Build.0 = Debug|Any CPU
		{83D7A1A8-10F8-4CA4-8B7B-F1DD46665DE0}.Debug|x64.ActiveCfg = Debug|Any CPU
		{83D7A1A8-10F8-4CA4-8B7B-F1DD46665DE0}.Debug|x64.Build.0 = Debug|Any CPU
		{83D7A1A8-10F8-4CA4-8B7B-F1DD46665DE0}.Debug|x86.ActiveCfg = Debug|Any CPU
		{83D7A1A8-10F8-4CA4-8B7B-F1DD46665DE0}.Debug|x86.Build.0 = Debug|Any CPU
		{83D7A1A8-10F8-4CA4-8B7B-F1DD46665DE0}.Release|Any CPU.ActiveCfg = Release|Any CPU
		{83D7A1A8-10F8-4CA4-8B7B-F1DD46665DE0}.Release|Any CPU.Build.0 = Release|Any CPU
		{83D7A1A8-10F8-4CA4-8B7B-F1DD46665DE0}.Release|ARM.ActiveCfg = Release|Any CPU
		{83D7A1A8-10F8-4CA4-8B7B-F1DD46665DE0}.Release|ARM.Build.0 = Release|Any CPU
		{83D7A1A8-10F8-4CA4-8B7B-F1DD46665DE0}.Release|x64.ActiveCfg = Release|Any CPU
		{83D7A1A8-10F8-4CA4-8B7B-F1DD46665DE0}.Release|x64.Build.0 = Release|Any CPU
		{83D7A1A8-10F8-4CA4-8B7B-F1DD46665DE0}.Release|x86.ActiveCfg = Release|Any CPU
		{83D7A1A8-10F8-4CA4-8B7B-F1DD46665DE0}.Release|x86.Build.0 = Release|Any CPU
		{60A4F650-7806-4886-AAAD-C152B17ED44C}.Debug|Any CPU.ActiveCfg = Debug|Any CPU
		{60A4F650-7806-4886-AAAD-C152B17ED44C}.Debug|Any CPU.Build.0 = Debug|Any CPU
		{60A4F650-7806-4886-AAAD-C152B17ED44C}.Debug|ARM.ActiveCfg = Debug|Any CPU
		{60A4F650-7806-4886-AAAD-C152B17ED44C}.Debug|ARM.Build.0 = Debug|Any CPU
		{60A4F650-7806-4886-AAAD-C152B17ED44C}.Debug|x64.ActiveCfg = Debug|Any CPU
		{60A4F650-7806-4886-AAAD-C152B17ED44C}.Debug|x64.Build.0 = Debug|Any CPU
		{60A4F650-7806-4886-AAAD-C152B17ED44C}.Debug|x86.ActiveCfg = Debug|Any CPU
		{60A4F650-7806-4886-AAAD-C152B17ED44C}.Debug|x86.Build.0 = Debug|Any CPU
		{60A4F650-7806-4886-AAAD-C152B17ED44C}.Release|Any CPU.ActiveCfg = Release|Any CPU
		{60A4F650-7806-4886-AAAD-C152B17ED44C}.Release|Any CPU.Build.0 = Release|Any CPU
		{60A4F650-7806-4886-AAAD-C152B17ED44C}.Release|ARM.ActiveCfg = Release|Any CPU
		{60A4F650-7806-4886-AAAD-C152B17ED44C}.Release|ARM.Build.0 = Release|Any CPU
		{60A4F650-7806-4886-AAAD-C152B17ED44C}.Release|x64.ActiveCfg = Release|Any CPU
		{60A4F650-7806-4886-AAAD-C152B17ED44C}.Release|x64.Build.0 = Release|Any CPU
		{60A4F650-7806-4886-AAAD-C152B17ED44C}.Release|x86.ActiveCfg = Release|Any CPU
		{60A4F650-7806-4886-AAAD-C152B17ED44C}.Release|x86.Build.0 = Release|Any CPU
		{FF4A6B8B-62B7-4938-94F5-D7A09DEEA640}.Debug|Any CPU.ActiveCfg = Debug|Any CPU
		{FF4A6B8B-62B7-4938-94F5-D7A09DEEA640}.Debug|Any CPU.Build.0 = Debug|Any CPU
		{FF4A6B8B-62B7-4938-94F5-D7A09DEEA640}.Debug|ARM.ActiveCfg = Debug|Any CPU
		{FF4A6B8B-62B7-4938-94F5-D7A09DEEA640}.Debug|ARM.Build.0 = Debug|Any CPU
		{FF4A6B8B-62B7-4938-94F5-D7A09DEEA640}.Debug|x64.ActiveCfg = Debug|Any CPU
		{FF4A6B8B-62B7-4938-94F5-D7A09DEEA640}.Debug|x64.Build.0 = Debug|Any CPU
		{FF4A6B8B-62B7-4938-94F5-D7A09DEEA640}.Debug|x86.ActiveCfg = Debug|Any CPU
		{FF4A6B8B-62B7-4938-94F5-D7A09DEEA640}.Debug|x86.Build.0 = Debug|Any CPU
		{FF4A6B8B-62B7-4938-94F5-D7A09DEEA640}.Release|Any CPU.ActiveCfg = Release|Any CPU
		{FF4A6B8B-62B7-4938-94F5-D7A09DEEA640}.Release|Any CPU.Build.0 = Release|Any CPU
		{FF4A6B8B-62B7-4938-94F5-D7A09DEEA640}.Release|ARM.ActiveCfg = Release|Any CPU
		{FF4A6B8B-62B7-4938-94F5-D7A09DEEA640}.Release|ARM.Build.0 = Release|Any CPU
		{FF4A6B8B-62B7-4938-94F5-D7A09DEEA640}.Release|x64.ActiveCfg = Release|Any CPU
		{FF4A6B8B-62B7-4938-94F5-D7A09DEEA640}.Release|x64.Build.0 = Release|Any CPU
		{FF4A6B8B-62B7-4938-94F5-D7A09DEEA640}.Release|x86.ActiveCfg = Release|Any CPU
		{FF4A6B8B-62B7-4938-94F5-D7A09DEEA640}.Release|x86.Build.0 = Release|Any CPU
		{B82BA5DA-2675-4093-875A-BA81FC1670BA}.Debug|Any CPU.ActiveCfg = Debug|Any CPU
		{B82BA5DA-2675-4093-875A-BA81FC1670BA}.Debug|Any CPU.Build.0 = Debug|Any CPU
		{B82BA5DA-2675-4093-875A-BA81FC1670BA}.Debug|ARM.ActiveCfg = Debug|Any CPU
		{B82BA5DA-2675-4093-875A-BA81FC1670BA}.Debug|ARM.Build.0 = Debug|Any CPU
		{B82BA5DA-2675-4093-875A-BA81FC1670BA}.Debug|x64.ActiveCfg = Debug|Any CPU
		{B82BA5DA-2675-4093-875A-BA81FC1670BA}.Debug|x64.Build.0 = Debug|Any CPU
		{B82BA5DA-2675-4093-875A-BA81FC1670BA}.Debug|x86.ActiveCfg = Debug|Any CPU
		{B82BA5DA-2675-4093-875A-BA81FC1670BA}.Debug|x86.Build.0 = Debug|Any CPU
		{B82BA5DA-2675-4093-875A-BA81FC1670BA}.Release|Any CPU.ActiveCfg = Release|Any CPU
		{B82BA5DA-2675-4093-875A-BA81FC1670BA}.Release|Any CPU.Build.0 = Release|Any CPU
		{B82BA5DA-2675-4093-875A-BA81FC1670BA}.Release|ARM.ActiveCfg = Release|Any CPU
		{B82BA5DA-2675-4093-875A-BA81FC1670BA}.Release|ARM.Build.0 = Release|Any CPU
		{B82BA5DA-2675-4093-875A-BA81FC1670BA}.Release|x64.ActiveCfg = Release|Any CPU
		{B82BA5DA-2675-4093-875A-BA81FC1670BA}.Release|x64.Build.0 = Release|Any CPU
		{B82BA5DA-2675-4093-875A-BA81FC1670BA}.Release|x86.ActiveCfg = Release|Any CPU
		{B82BA5DA-2675-4093-875A-BA81FC1670BA}.Release|x86.Build.0 = Release|Any CPU
		{B434473E-5486-41AC-9994-2ACD7B0CA340}.Debug|Any CPU.ActiveCfg = Debug|Any CPU
		{B434473E-5486-41AC-9994-2ACD7B0CA340}.Debug|Any CPU.Build.0 = Debug|Any CPU
		{B434473E-5486-41AC-9994-2ACD7B0CA340}.Debug|ARM.ActiveCfg = Debug|Any CPU
		{B434473E-5486-41AC-9994-2ACD7B0CA340}.Debug|ARM.Build.0 = Debug|Any CPU
		{B434473E-5486-41AC-9994-2ACD7B0CA340}.Debug|x64.ActiveCfg = Debug|Any CPU
		{B434473E-5486-41AC-9994-2ACD7B0CA340}.Debug|x64.Build.0 = Debug|Any CPU
		{B434473E-5486-41AC-9994-2ACD7B0CA340}.Debug|x86.ActiveCfg = Debug|Any CPU
		{B434473E-5486-41AC-9994-2ACD7B0CA340}.Debug|x86.Build.0 = Debug|Any CPU
		{B434473E-5486-41AC-9994-2ACD7B0CA340}.Release|Any CPU.ActiveCfg = Release|Any CPU
		{B434473E-5486-41AC-9994-2ACD7B0CA340}.Release|Any CPU.Build.0 = Release|Any CPU
		{B434473E-5486-41AC-9994-2ACD7B0CA340}.Release|ARM.ActiveCfg = Release|Any CPU
		{B434473E-5486-41AC-9994-2ACD7B0CA340}.Release|ARM.Build.0 = Release|Any CPU
		{B434473E-5486-41AC-9994-2ACD7B0CA340}.Release|x64.ActiveCfg = Release|Any CPU
		{B434473E-5486-41AC-9994-2ACD7B0CA340}.Release|x64.Build.0 = Release|Any CPU
		{B434473E-5486-41AC-9994-2ACD7B0CA340}.Release|x86.ActiveCfg = Release|Any CPU
		{B434473E-5486-41AC-9994-2ACD7B0CA340}.Release|x86.Build.0 = Release|Any CPU
		{6F912667-0B88-440F-A393-A18E70144C63}.Debug|Any CPU.ActiveCfg = Debug|Any CPU
		{6F912667-0B88-440F-A393-A18E70144C63}.Debug|Any CPU.Build.0 = Debug|Any CPU
		{6F912667-0B88-440F-A393-A18E70144C63}.Debug|ARM.ActiveCfg = Debug|Any CPU
		{6F912667-0B88-440F-A393-A18E70144C63}.Debug|ARM.Build.0 = Debug|Any CPU
		{6F912667-0B88-440F-A393-A18E70144C63}.Debug|x64.ActiveCfg = Debug|Any CPU
		{6F912667-0B88-440F-A393-A18E70144C63}.Debug|x64.Build.0 = Debug|Any CPU
		{6F912667-0B88-440F-A393-A18E70144C63}.Debug|x86.ActiveCfg = Debug|Any CPU
		{6F912667-0B88-440F-A393-A18E70144C63}.Debug|x86.Build.0 = Debug|Any CPU
		{6F912667-0B88-440F-A393-A18E70144C63}.Release|Any CPU.ActiveCfg = Release|Any CPU
		{6F912667-0B88-440F-A393-A18E70144C63}.Release|Any CPU.Build.0 = Release|Any CPU
		{6F912667-0B88-440F-A393-A18E70144C63}.Release|ARM.ActiveCfg = Release|Any CPU
		{6F912667-0B88-440F-A393-A18E70144C63}.Release|ARM.Build.0 = Release|Any CPU
		{6F912667-0B88-440F-A393-A18E70144C63}.Release|x64.ActiveCfg = Release|Any CPU
		{6F912667-0B88-440F-A393-A18E70144C63}.Release|x64.Build.0 = Release|Any CPU
		{6F912667-0B88-440F-A393-A18E70144C63}.Release|x86.ActiveCfg = Release|Any CPU
		{6F912667-0B88-440F-A393-A18E70144C63}.Release|x86.Build.0 = Release|Any CPU
		{F82470F4-153F-4767-B2C8-C4D4462AE12A}.Debug|Any CPU.ActiveCfg = Debug|Any CPU
		{F82470F4-153F-4767-B2C8-C4D4462AE12A}.Debug|Any CPU.Build.0 = Debug|Any CPU
		{F82470F4-153F-4767-B2C8-C4D4462AE12A}.Debug|ARM.ActiveCfg = Debug|Any CPU
		{F82470F4-153F-4767-B2C8-C4D4462AE12A}.Debug|ARM.Build.0 = Debug|Any CPU
		{F82470F4-153F-4767-B2C8-C4D4462AE12A}.Debug|x64.ActiveCfg = Debug|Any CPU
		{F82470F4-153F-4767-B2C8-C4D4462AE12A}.Debug|x64.Build.0 = Debug|Any CPU
		{F82470F4-153F-4767-B2C8-C4D4462AE12A}.Debug|x86.ActiveCfg = Debug|Any CPU
		{F82470F4-153F-4767-B2C8-C4D4462AE12A}.Debug|x86.Build.0 = Debug|Any CPU
		{F82470F4-153F-4767-B2C8-C4D4462AE12A}.Release|Any CPU.ActiveCfg = Release|Any CPU
		{F82470F4-153F-4767-B2C8-C4D4462AE12A}.Release|Any CPU.Build.0 = Release|Any CPU
		{F82470F4-153F-4767-B2C8-C4D4462AE12A}.Release|ARM.ActiveCfg = Release|Any CPU
		{F82470F4-153F-4767-B2C8-C4D4462AE12A}.Release|ARM.Build.0 = Release|Any CPU
		{F82470F4-153F-4767-B2C8-C4D4462AE12A}.Release|x64.ActiveCfg = Release|Any CPU
		{F82470F4-153F-4767-B2C8-C4D4462AE12A}.Release|x64.Build.0 = Release|Any CPU
		{F82470F4-153F-4767-B2C8-C4D4462AE12A}.Release|x86.ActiveCfg = Release|Any CPU
		{F82470F4-153F-4767-B2C8-C4D4462AE12A}.Release|x86.Build.0 = Release|Any CPU
		{B14986FE-E2D1-442C-BF88-E7553C17EB43}.Debug|Any CPU.ActiveCfg = Debug|Any CPU
		{B14986FE-E2D1-442C-BF88-E7553C17EB43}.Debug|Any CPU.Build.0 = Debug|Any CPU
		{B14986FE-E2D1-442C-BF88-E7553C17EB43}.Debug|ARM.ActiveCfg = Debug|Any CPU
		{B14986FE-E2D1-442C-BF88-E7553C17EB43}.Debug|ARM.Build.0 = Debug|Any CPU
		{B14986FE-E2D1-442C-BF88-E7553C17EB43}.Debug|x64.ActiveCfg = Debug|Any CPU
		{B14986FE-E2D1-442C-BF88-E7553C17EB43}.Debug|x64.Build.0 = Debug|Any CPU
		{B14986FE-E2D1-442C-BF88-E7553C17EB43}.Debug|x86.ActiveCfg = Debug|Any CPU
		{B14986FE-E2D1-442C-BF88-E7553C17EB43}.Debug|x86.Build.0 = Debug|Any CPU
		{B14986FE-E2D1-442C-BF88-E7553C17EB43}.Release|Any CPU.ActiveCfg = Release|Any CPU
		{B14986FE-E2D1-442C-BF88-E7553C17EB43}.Release|Any CPU.Build.0 = Release|Any CPU
		{B14986FE-E2D1-442C-BF88-E7553C17EB43}.Release|ARM.ActiveCfg = Release|Any CPU
		{B14986FE-E2D1-442C-BF88-E7553C17EB43}.Release|ARM.Build.0 = Release|Any CPU
		{B14986FE-E2D1-442C-BF88-E7553C17EB43}.Release|x64.ActiveCfg = Release|Any CPU
		{B14986FE-E2D1-442C-BF88-E7553C17EB43}.Release|x64.Build.0 = Release|Any CPU
		{B14986FE-E2D1-442C-BF88-E7553C17EB43}.Release|x86.ActiveCfg = Release|Any CPU
		{B14986FE-E2D1-442C-BF88-E7553C17EB43}.Release|x86.Build.0 = Release|Any CPU
		{0544ABD5-E586-44D1-A7DA-6A224BD466C8}.Debug|Any CPU.ActiveCfg = Debug|Any CPU
		{0544ABD5-E586-44D1-A7DA-6A224BD466C8}.Debug|Any CPU.Build.0 = Debug|Any CPU
		{0544ABD5-E586-44D1-A7DA-6A224BD466C8}.Debug|ARM.ActiveCfg = Debug|Any CPU
		{0544ABD5-E586-44D1-A7DA-6A224BD466C8}.Debug|ARM.Build.0 = Debug|Any CPU
		{0544ABD5-E586-44D1-A7DA-6A224BD466C8}.Debug|x64.ActiveCfg = Debug|Any CPU
		{0544ABD5-E586-44D1-A7DA-6A224BD466C8}.Debug|x64.Build.0 = Debug|Any CPU
		{0544ABD5-E586-44D1-A7DA-6A224BD466C8}.Debug|x86.ActiveCfg = Debug|Any CPU
		{0544ABD5-E586-44D1-A7DA-6A224BD466C8}.Debug|x86.Build.0 = Debug|Any CPU
		{0544ABD5-E586-44D1-A7DA-6A224BD466C8}.Release|Any CPU.ActiveCfg = Release|Any CPU
		{0544ABD5-E586-44D1-A7DA-6A224BD466C8}.Release|Any CPU.Build.0 = Release|Any CPU
		{0544ABD5-E586-44D1-A7DA-6A224BD466C8}.Release|ARM.ActiveCfg = Release|Any CPU
		{0544ABD5-E586-44D1-A7DA-6A224BD466C8}.Release|ARM.Build.0 = Release|Any CPU
		{0544ABD5-E586-44D1-A7DA-6A224BD466C8}.Release|x64.ActiveCfg = Release|Any CPU
		{0544ABD5-E586-44D1-A7DA-6A224BD466C8}.Release|x64.Build.0 = Release|Any CPU
		{0544ABD5-E586-44D1-A7DA-6A224BD466C8}.Release|x86.ActiveCfg = Release|Any CPU
		{0544ABD5-E586-44D1-A7DA-6A224BD466C8}.Release|x86.Build.0 = Release|Any CPU
		{254480F7-BA66-4DA6-A6A9-B9125BDF5BF5}.Debug|Any CPU.ActiveCfg = Debug|Any CPU
		{254480F7-BA66-4DA6-A6A9-B9125BDF5BF5}.Debug|Any CPU.Build.0 = Debug|Any CPU
		{254480F7-BA66-4DA6-A6A9-B9125BDF5BF5}.Debug|ARM.ActiveCfg = Debug|Any CPU
		{254480F7-BA66-4DA6-A6A9-B9125BDF5BF5}.Debug|ARM.Build.0 = Debug|Any CPU
		{254480F7-BA66-4DA6-A6A9-B9125BDF5BF5}.Debug|x64.ActiveCfg = Debug|Any CPU
		{254480F7-BA66-4DA6-A6A9-B9125BDF5BF5}.Debug|x64.Build.0 = Debug|Any CPU
		{254480F7-BA66-4DA6-A6A9-B9125BDF5BF5}.Debug|x86.ActiveCfg = Debug|Any CPU
		{254480F7-BA66-4DA6-A6A9-B9125BDF5BF5}.Debug|x86.Build.0 = Debug|Any CPU
		{254480F7-BA66-4DA6-A6A9-B9125BDF5BF5}.Release|Any CPU.ActiveCfg = Release|Any CPU
		{254480F7-BA66-4DA6-A6A9-B9125BDF5BF5}.Release|Any CPU.Build.0 = Release|Any CPU
		{254480F7-BA66-4DA6-A6A9-B9125BDF5BF5}.Release|ARM.ActiveCfg = Release|Any CPU
		{254480F7-BA66-4DA6-A6A9-B9125BDF5BF5}.Release|ARM.Build.0 = Release|Any CPU
		{254480F7-BA66-4DA6-A6A9-B9125BDF5BF5}.Release|x64.ActiveCfg = Release|Any CPU
		{254480F7-BA66-4DA6-A6A9-B9125BDF5BF5}.Release|x64.Build.0 = Release|Any CPU
		{254480F7-BA66-4DA6-A6A9-B9125BDF5BF5}.Release|x86.ActiveCfg = Release|Any CPU
		{254480F7-BA66-4DA6-A6A9-B9125BDF5BF5}.Release|x86.Build.0 = Release|Any CPU
		{CCDD9BCB-38B7-4852-8C89-57C2C7F96CD7}.Debug|Any CPU.ActiveCfg = Debug|Any CPU
		{CCDD9BCB-38B7-4852-8C89-57C2C7F96CD7}.Debug|Any CPU.Build.0 = Debug|Any CPU
		{CCDD9BCB-38B7-4852-8C89-57C2C7F96CD7}.Debug|ARM.ActiveCfg = Debug|Any CPU
		{CCDD9BCB-38B7-4852-8C89-57C2C7F96CD7}.Debug|ARM.Build.0 = Debug|Any CPU
		{CCDD9BCB-38B7-4852-8C89-57C2C7F96CD7}.Debug|x64.ActiveCfg = Debug|Any CPU
		{CCDD9BCB-38B7-4852-8C89-57C2C7F96CD7}.Debug|x64.Build.0 = Debug|Any CPU
		{CCDD9BCB-38B7-4852-8C89-57C2C7F96CD7}.Debug|x86.ActiveCfg = Debug|Any CPU
		{CCDD9BCB-38B7-4852-8C89-57C2C7F96CD7}.Debug|x86.Build.0 = Debug|Any CPU
		{CCDD9BCB-38B7-4852-8C89-57C2C7F96CD7}.Release|Any CPU.ActiveCfg = Release|Any CPU
		{CCDD9BCB-38B7-4852-8C89-57C2C7F96CD7}.Release|Any CPU.Build.0 = Release|Any CPU
		{CCDD9BCB-38B7-4852-8C89-57C2C7F96CD7}.Release|ARM.ActiveCfg = Release|Any CPU
		{CCDD9BCB-38B7-4852-8C89-57C2C7F96CD7}.Release|ARM.Build.0 = Release|Any CPU
		{CCDD9BCB-38B7-4852-8C89-57C2C7F96CD7}.Release|x64.ActiveCfg = Release|Any CPU
		{CCDD9BCB-38B7-4852-8C89-57C2C7F96CD7}.Release|x64.Build.0 = Release|Any CPU
		{CCDD9BCB-38B7-4852-8C89-57C2C7F96CD7}.Release|x86.ActiveCfg = Release|Any CPU
		{CCDD9BCB-38B7-4852-8C89-57C2C7F96CD7}.Release|x86.Build.0 = Release|Any CPU
	EndGlobalSection
	GlobalSection(SolutionProperties) = preSolution
		HideSolutionNode = FALSE
	EndGlobalSection
	GlobalSection(NestedProjects) = preSolution
		{F8ADAC8C-4647-4191-B0E0-AFAA8A2B2ACB} = {BA797E09-6C25-4F94-9A62-7EB1F64668DE}
		{44AF6146-0F43-4419-88E7-6F211A418B1B} = {BA797E09-6C25-4F94-9A62-7EB1F64668DE}
		{23E018C2-7EB8-4A2B-A5EE-1915A0882849} = {BA797E09-6C25-4F94-9A62-7EB1F64668DE}
		{83D7A1A8-10F8-4CA4-8B7B-F1DD46665DE0} = {BA797E09-6C25-4F94-9A62-7EB1F64668DE}
		{60A4F650-7806-4886-AAAD-C152B17ED44C} = {7A73054B-B457-4C28-84EC-8031ACBE7DCA}
		{FF4A6B8B-62B7-4938-94F5-D7A09DEEA640} = {FF91AF5A-57FC-4390-BA5E-6D4F8D11BFE9}
		{B82BA5DA-2675-4093-875A-BA81FC1670BA} = {FF91AF5A-57FC-4390-BA5E-6D4F8D11BFE9}
		{B434473E-5486-41AC-9994-2ACD7B0CA340} = {8E06AD5D-A90B-4D2B-BA4A-A047D9545978}
		{F82470F4-153F-4767-B2C8-C4D4462AE12A} = {FF91AF5A-57FC-4390-BA5E-6D4F8D11BFE9}
		{B14986FE-E2D1-442C-BF88-E7553C17EB43} = {BA797E09-6C25-4F94-9A62-7EB1F64668DE}
		{0544ABD5-E586-44D1-A7DA-6A224BD466C8} = {FF91AF5A-57FC-4390-BA5E-6D4F8D11BFE9}
		{254480F7-BA66-4DA6-A6A9-B9125BDF5BF5} = {8E06AD5D-A90B-4D2B-BA4A-A047D9545978}
		{CCDD9BCB-38B7-4852-8C89-57C2C7F96CD7} = {8E06AD5D-A90B-4D2B-BA4A-A047D9545978}
	EndGlobalSection
EndGlobal
