
Microsoft Visual Studio Solution File, Format Version 12.00
# Visual Studio Version 17
VisualStudioVersion = 17.7.34031.279
MinimumVisualStudioVersion = 10.0.40219.1
Project("{2150E333-8FDC-42A3-9474-1A3956D46DE8}") = "Core", "Core", "{5A52C732-BC0C-483B-A5F6-7546C53ED3FE}"
EndProject
Project("{9A19103F-16F7-4668-BE54-9A1E7A4F7556}") = "AppVerse.Common", "Core\AppVerse.Common\AppVerse.Common.csproj", "{5B8EDB44-DFE4-42D1-A901-F68877467743}"
EndProject
Project("{2150E333-8FDC-42A3-9474-1A3956D46DE8}") = "Datastore", "Datastore", "{BAD27FC8-ADA6-48B0-8BD8-AE548DD1FFCF}"
EndProject
Project("{9A19103F-16F7-4668-BE54-9A1E7A4F7556}") = "AppVerse.Conference.MsSql", "Datastore\AppVerse.Conference.MsSql\AppVerse.Conference.MsSql.csproj", "{7B5EB7C2-1867-4B70-AD82-486DA68FB79C}"
EndProject
Project("{2150E333-8FDC-42A3-9474-1A3956D46DE8}") = "Services", "Services", "{AB8A583D-266E-4151-98F0-40F611FE3051}"
EndProject
Project("{9A19103F-16F7-4668-BE54-9A1E7A4F7556}") = "AppVerse.Services.Auth", "Services\AppVerse.Services.Auth\AppVerse.Services.Auth.csproj", "{2479AE1C-BE3C-4165-8578-A49C387F96F1}"
EndProject
Project("{2150E333-8FDC-42A3-9474-1A3956D46DE8}") = "Apis", "Apis", "{065240A6-98AA-4850-8A65-0138AE190EF8}"
EndProject
Project("{FAE04EC0-301F-11D3-BF4B-00C04F79EFBC}") = "AppVerse.Api.Auth", "Apis\AppVerse.Api.Auth\AppVerse.Api.Auth.csproj", "{31AA5A77-D4A1-477D-96EA-A1946C922848}"
EndProject
Project("{FAE04EC0-301F-11D3-BF4B-00C04F79EFBC}") = "AppVerse.Binder", "Core\AppVerse.Binder\AppVerse.Binder.csproj", "{4BEFB21D-5E3F-4E53-8DE7-0BCE00E3096A}"
EndProject
Project("{2150E333-8FDC-42A3-9474-1A3956D46DE8}") = "Domains", "Domains", "{56F67E12-18F4-40CD-A03A-EAD34D7DF191}"
EndProject
Project("{FAE04EC0-301F-11D3-BF4B-00C04F79EFBC}") = "AppVerse.Domain.Auth", "Domains\AppVerse.Domain.Auth\AppVerse.Domain.Auth.csproj", "{C18676F9-9F92-4CF4-8C64-5B14D19B058C}"
EndProject
Project("{9A19103F-16F7-4668-BE54-9A1E7A4F7556}") = "AppVerse.Services.AzureMessaging", "Services\AppVerse.Services.AzureMessaging\AppVerse.Services.AzureMessaging.csproj", "{F002FC66-0B9E-4CA1-BFE3-B233CB5D55B0}"
EndProject
Global
	GlobalSection(SolutionConfigurationPlatforms) = preSolution
		Debug|Any CPU = Debug|Any CPU
		Dev|Any CPU = Dev|Any CPU
		Release|Any CPU = Release|Any CPU
	EndGlobalSection
	GlobalSection(ProjectConfigurationPlatforms) = postSolution
		{5B8EDB44-DFE4-42D1-A901-F68877467743}.Debug|Any CPU.ActiveCfg = Debug|Any CPU
		{5B8EDB44-DFE4-42D1-A901-F68877467743}.Debug|Any CPU.Build.0 = Debug|Any CPU
		{5B8EDB44-DFE4-42D1-A901-F68877467743}.Dev|Any CPU.ActiveCfg = Debug|Any CPU
		{5B8EDB44-DFE4-42D1-A901-F68877467743}.Dev|Any CPU.Build.0 = Debug|Any CPU
		{5B8EDB44-DFE4-42D1-A901-F68877467743}.Release|Any CPU.ActiveCfg = Release|Any CPU
		{5B8EDB44-DFE4-42D1-A901-F68877467743}.Release|Any CPU.Build.0 = Release|Any CPU
		{7B5EB7C2-1867-4B70-AD82-486DA68FB79C}.Debug|Any CPU.ActiveCfg = Debug|Any CPU
		{7B5EB7C2-1867-4B70-AD82-486DA68FB79C}.Debug|Any CPU.Build.0 = Debug|Any CPU
		{7B5EB7C2-1867-4B70-AD82-486DA68FB79C}.Dev|Any CPU.ActiveCfg = Debug|Any CPU
		{7B5EB7C2-1867-4B70-AD82-486DA68FB79C}.Dev|Any CPU.Build.0 = Debug|Any CPU
		{7B5EB7C2-1867-4B70-AD82-486DA68FB79C}.Release|Any CPU.ActiveCfg = Release|Any CPU
		{7B5EB7C2-1867-4B70-AD82-486DA68FB79C}.Release|Any CPU.Build.0 = Release|Any CPU
		{2479AE1C-BE3C-4165-8578-A49C387F96F1}.Debug|Any CPU.ActiveCfg = Debug|Any CPU
		{2479AE1C-BE3C-4165-8578-A49C387F96F1}.Debug|Any CPU.Build.0 = Debug|Any CPU
		{2479AE1C-BE3C-4165-8578-A49C387F96F1}.Dev|Any CPU.ActiveCfg = Debug|Any CPU
		{2479AE1C-BE3C-4165-8578-A49C387F96F1}.Dev|Any CPU.Build.0 = Debug|Any CPU
		{2479AE1C-BE3C-4165-8578-A49C387F96F1}.Release|Any CPU.ActiveCfg = Release|Any CPU
		{2479AE1C-BE3C-4165-8578-A49C387F96F1}.Release|Any CPU.Build.0 = Release|Any CPU
		{31AA5A77-D4A1-477D-96EA-A1946C922848}.Debug|Any CPU.ActiveCfg = Debug|Any CPU
		{31AA5A77-D4A1-477D-96EA-A1946C922848}.Debug|Any CPU.Build.0 = Debug|Any CPU
		{31AA5A77-D4A1-477D-96EA-A1946C922848}.Dev|Any CPU.ActiveCfg = Debug|Any CPU
		{31AA5A77-D4A1-477D-96EA-A1946C922848}.Dev|Any CPU.Build.0 = Debug|Any CPU
		{31AA5A77-D4A1-477D-96EA-A1946C922848}.Release|Any CPU.ActiveCfg = Release|Any CPU
		{31AA5A77-D4A1-477D-96EA-A1946C922848}.Release|Any CPU.Build.0 = Release|Any CPU
		{4BEFB21D-5E3F-4E53-8DE7-0BCE00E3096A}.Debug|Any CPU.ActiveCfg = Debug|Any CPU
		{4BEFB21D-5E3F-4E53-8DE7-0BCE00E3096A}.Debug|Any CPU.Build.0 = Debug|Any CPU
		{4BEFB21D-5E3F-4E53-8DE7-0BCE00E3096A}.Dev|Any CPU.ActiveCfg = Debug|Any CPU
		{4BEFB21D-5E3F-4E53-8DE7-0BCE00E3096A}.Dev|Any CPU.Build.0 = Debug|Any CPU
		{4BEFB21D-5E3F-4E53-8DE7-0BCE00E3096A}.Release|Any CPU.ActiveCfg = Release|Any CPU
		{4BEFB21D-5E3F-4E53-8DE7-0BCE00E3096A}.Release|Any CPU.Build.0 = Release|Any CPU
		{C18676F9-9F92-4CF4-8C64-5B14D19B058C}.Debug|Any CPU.ActiveCfg = Debug|Any CPU
		{C18676F9-9F92-4CF4-8C64-5B14D19B058C}.Debug|Any CPU.Build.0 = Debug|Any CPU
		{C18676F9-9F92-4CF4-8C64-5B14D19B058C}.Dev|Any CPU.ActiveCfg = Debug|Any CPU
		{C18676F9-9F92-4CF4-8C64-5B14D19B058C}.Dev|Any CPU.Build.0 = Debug|Any CPU
		{C18676F9-9F92-4CF4-8C64-5B14D19B058C}.Release|Any CPU.ActiveCfg = Release|Any CPU
		{C18676F9-9F92-4CF4-8C64-5B14D19B058C}.Release|Any CPU.Build.0 = Release|Any CPU
		{F002FC66-0B9E-4CA1-BFE3-B233CB5D55B0}.Debug|Any CPU.ActiveCfg = Debug|Any CPU
		{F002FC66-0B9E-4CA1-BFE3-B233CB5D55B0}.Debug|Any CPU.Build.0 = Debug|Any CPU
		{F002FC66-0B9E-4CA1-BFE3-B233CB5D55B0}.Dev|Any CPU.ActiveCfg = Dev|Any CPU
		{F002FC66-0B9E-4CA1-BFE3-B233CB5D55B0}.Dev|Any CPU.Build.0 = Dev|Any CPU
		{F002FC66-0B9E-4CA1-BFE3-B233CB5D55B0}.Release|Any CPU.ActiveCfg = Release|Any CPU
		{F002FC66-0B9E-4CA1-BFE3-B233CB5D55B0}.Release|Any CPU.Build.0 = Release|Any CPU
	EndGlobalSection
	GlobalSection(SolutionProperties) = preSolution
		HideSolutionNode = FALSE
	EndGlobalSection
	GlobalSection(NestedProjects) = preSolution
		{5B8EDB44-DFE4-42D1-A901-F68877467743} = {5A52C732-BC0C-483B-A5F6-7546C53ED3FE}
		{7B5EB7C2-1867-4B70-AD82-486DA68FB79C} = {BAD27FC8-ADA6-48B0-8BD8-AE548DD1FFCF}
		{2479AE1C-BE3C-4165-8578-A49C387F96F1} = {AB8A583D-266E-4151-98F0-40F611FE3051}
		{31AA5A77-D4A1-477D-96EA-A1946C922848} = {065240A6-98AA-4850-8A65-0138AE190EF8}
		{4BEFB21D-5E3F-4E53-8DE7-0BCE00E3096A} = {5A52C732-BC0C-483B-A5F6-7546C53ED3FE}
		{C18676F9-9F92-4CF4-8C64-5B14D19B058C} = {56F67E12-18F4-40CD-A03A-EAD34D7DF191}
		{F002FC66-0B9E-4CA1-BFE3-B233CB5D55B0} = {AB8A583D-266E-4151-98F0-40F611FE3051}
	EndGlobalSection
	GlobalSection(ExtensibilityGlobals) = postSolution
		SolutionGuid = {D24F3DEB-90F9-47AE-8A6F-A7D62AD589DC}
	EndGlobalSection
EndGlobal
